# This file is autogenerated, do not edit; changes may be undone by the next 'dep ensure'.


[[projects]]
  branch = "master"
  name = "github.com/creedasaurus/govm"
  packages = [
    "assembler",
    "vm"
  ]
  revision = "6c7b1d2e12c4ac7e0497ab7ce1b60740495c4a1c"

[[projects]]
  name = "github.com/gorilla/context"
  packages = ["."]
  revision = "1ea25387ff6f684839d82767c1733ff4d4d15d0a"
  version = "v1.1"

[[projects]]
  branch = "master"
  name = "github.com/gorilla/mux"
  packages = ["."]
  revision = "5ab525f4fb1678e197ae59401e9050fa0b6cb5fd"

[solve-meta]
  analyzer-name = "dep"
  analyzer-version = 1
  inputs-digest = "ee81ef731c27269b5bf515fd9c6da2f6bfda507ffb7633a796050929ffea6003"
  solver-name = "gps-cdcl"
  solver-version = 1
